// !$*UTF8*$!
{
	archiveVersion = 1;
	classes = {
	};
	objectVersion = 50;
	objects = {

/* Begin PBXBuildFile section */
		2D1CEA5A26A0268400599023 /* VRHomePageWireframe.swift in Sources */ = {isa = PBXBuildFile; fileRef = 2D1CEA4726A0268400599023 /* VRHomePageWireframe.swift */; };
		2D1CEA5B26A0268400599023 /* VRHomeModel.swift in Sources */ = {isa = PBXBuildFile; fileRef = 2D1CEA4926A0268400599023 /* VRHomeModel.swift */; };
		2D1CEA5C26A0268400599023 /* VRHomePageViewPresenter.swift in Sources */ = {isa = PBXBuildFile; fileRef = 2D1CEA4B26A0268400599023 /* VRHomePageViewPresenter.swift */; };
		2D1CEA5D26A0268400599023 /* VRHomePageInteractor.swift in Sources */ = {isa = PBXBuildFile; fileRef = 2D1CEA4D26A0268400599023 /* VRHomePageInteractor.swift */; };
		2D1CEA5E26A0268400599023 /* VRHomePageBuilder.swift in Sources */ = {isa = PBXBuildFile; fileRef = 2D1CEA4F26A0268400599023 /* VRHomePageBuilder.swift */; };
		2D1CEA5F26A0268400599023 /* VRHomePageViewCell.swift in Sources */ = {isa = PBXBuildFile; fileRef = 2D1CEA5126A0268400599023 /* VRHomePageViewCell.swift */; };
		2D1CEA6026A0268400599023 /* VRHomePageViewController.swift in Sources */ = {isa = PBXBuildFile; fileRef = 2D1CEA5226A0268400599023 /* VRHomePageViewController.swift */; };
		2D1CEA6226A027FF00599023 /* VRMineWireframe.swift in Sources */ = {isa = PBXBuildFile; fileRef = 2D1CEA6126A027FF00599023 /* VRMineWireframe.swift */; };
		2D1CEA6426A0281D00599023 /* VRMineEntity.swift in Sources */ = {isa = PBXBuildFile; fileRef = 2D1CEA6326A0281D00599023 /* VRMineEntity.swift */; };
		2D1CEA6626A0286D00599023 /* VRMinePresenter.swift in Sources */ = {isa = PBXBuildFile; fileRef = 2D1CEA6526A0286D00599023 /* VRMinePresenter.swift */; };
		2D1CEA6826A0288300599023 /* VRMineInteractor.swift in Sources */ = {isa = PBXBuildFile; fileRef = 2D1CEA6726A0288300599023 /* VRMineInteractor.swift */; };
		2D1CEA6A26A0289700599023 /* VRMineBuilder.swift in Sources */ = {isa = PBXBuildFile; fileRef = 2D1CEA6926A0289700599023 /* VRMineBuilder.swift */; };
		2D1CEA6C26A028A900599023 /* VRMineViewController.swift in Sources */ = {isa = PBXBuildFile; fileRef = 2D1CEA6B26A028A900599023 /* VRMineViewController.swift */; };
		2D1CEA6E26A04EBD00599023 /* VRRouter+Ext.swift in Sources */ = {isa = PBXBuildFile; fileRef = 2D1CEA6D26A04EBD00599023 /* VRRouter+Ext.swift */; };
		2D1CEA7026A05E1E00599023 /* VRHomeInteractorCase.swift in Sources */ = {isa = PBXBuildFile; fileRef = 2D1CEA6F26A05E1E00599023 /* VRHomeInteractorCase.swift */; };
		2D1CEA7426A6709C00599023 /* VIPER-New.jpeg in Resources */ = {isa = PBXBuildFile; fileRef = 2D1CEA7226A6709C00599023 /* VIPER-New.jpeg */; };
		2D1CEA7526A6709C00599023 /* VIPER-Origin.png in Resources */ = {isa = PBXBuildFile; fileRef = 2D1CEA7326A6709C00599023 /* VIPER-Origin.png */; };
		2DCE2830269D8AB900D3F395 /* AppDelegate.swift in Sources */ = {isa = PBXBuildFile; fileRef = 2DCE282F269D8AB900D3F395 /* AppDelegate.swift */; };
		2DCE2834269D8AB900D3F395 /* ViewController.swift in Sources */ = {isa = PBXBuildFile; fileRef = 2DCE2833269D8AB900D3F395 /* ViewController.swift */; };
		2DCE2837269D8AB900D3F395 /* Main.storyboard in Resources */ = {isa = PBXBuildFile; fileRef = 2DCE2835269D8AB900D3F395 /* Main.storyboard */; };
		2DCE2839269D8ABD00D3F395 /* Assets.xcassets in Resources */ = {isa = PBXBuildFile; fileRef = 2DCE2838269D8ABD00D3F395 /* Assets.xcassets */; };
		2DCE283C269D8ABD00D3F395 /* LaunchScreen.storyboard in Resources */ = {isa = PBXBuildFile; fileRef = 2DCE283A269D8ABD00D3F395 /* LaunchScreen.storyboard */; };
		2DCE2847269D8ABD00D3F395 /* VIPERTestTests.swift in Sources */ = {isa = PBXBuildFile; fileRef = 2DCE2846269D8ABD00D3F395 /* VIPERTestTests.swift */; };
		2DCE2852269D8ABD00D3F395 /* VIPERTestUITests.swift in Sources */ = {isa = PBXBuildFile; fileRef = 2DCE2851269D8ABD00D3F395 /* VIPERTestUITests.swift */; };
		2DCE2877269DB91100D3F395 /* VRRouter.swift in Sources */ = {isa = PBXBuildFile; fileRef = 2DCE2876269DB91100D3F395 /* VRRouter.swift */; };
/* End PBXBuildFile section */

/* Begin PBXContainerItemProxy section */
		2DCE2843269D8ABD00D3F395 /* PBXContainerItemProxy */ = {
			isa = PBXContainerItemProxy;
			containerPortal = 2DCE2824269D8AB900D3F395 /* Project object */;
			proxyType = 1;
			remoteGlobalIDString = 2DCE282B269D8AB900D3F395;
			remoteInfo = VIPERTest;
		};
		2DCE284E269D8ABD00D3F395 /* PBXContainerItemProxy */ = {
			isa = PBXContainerItemProxy;
			containerPortal = 2DCE2824269D8AB900D3F395 /* Project object */;
			proxyType = 1;
			remoteGlobalIDString = 2DCE282B269D8AB900D3F395;
			remoteInfo = VIPERTest;
		};
/* End PBXContainerItemProxy section */

/* Begin PBXFileReference section */
		2D1CEA4726A0268400599023 /* VRHomePageWireframe.swift */ = {isa = PBXFileReference; fileEncoding = 4; lastKnownFileType = sourcecode.swift; path = VRHomePageWireframe.swift; sourceTree = "<group>"; };
		2D1CEA4926A0268400599023 /* VRHomeModel.swift */ = {isa = PBXFileReference; fileEncoding = 4; lastKnownFileType = sourcecode.swift; path = VRHomeModel.swift; sourceTree = "<group>"; };
		2D1CEA4B26A0268400599023 /* VRHomePageViewPresenter.swift */ = {isa = PBXFileReference; fileEncoding = 4; lastKnownFileType = sourcecode.swift; path = VRHomePageViewPresenter.swift; sourceTree = "<group>"; };
		2D1CEA4D26A0268400599023 /* VRHomePageInteractor.swift */ = {isa = PBXFileReference; fileEncoding = 4; lastKnownFileType = sourcecode.swift; path = VRHomePageInteractor.swift; sourceTree = "<group>"; };
		2D1CEA4F26A0268400599023 /* VRHomePageBuilder.swift */ = {isa = PBXFileReference; fileEncoding = 4; lastKnownFileType = sourcecode.swift; path = VRHomePageBuilder.swift; sourceTree = "<group>"; };
		2D1CEA5126A0268400599023 /* VRHomePageViewCell.swift */ = {isa = PBXFileReference; fileEncoding = 4; lastKnownFileType = sourcecode.swift; path = VRHomePageViewCell.swift; sourceTree = "<group>"; };
		2D1CEA5226A0268400599023 /* VRHomePageViewController.swift */ = {isa = PBXFileReference; fileEncoding = 4; lastKnownFileType = sourcecode.swift; path = VRHomePageViewController.swift; sourceTree = "<group>"; };
		2D1CEA6126A027FF00599023 /* VRMineWireframe.swift */ = {isa = PBXFileReference; lastKnownFileType = sourcecode.swift; path = VRMineWireframe.swift; sourceTree = "<group>"; };
		2D1CEA6326A0281D00599023 /* VRMineEntity.swift */ = {isa = PBXFileReference; lastKnownFileType = sourcecode.swift; path = VRMineEntity.swift; sourceTree = "<group>"; };
		2D1CEA6526A0286D00599023 /* VRMinePresenter.swift */ = {isa = PBXFileReference; lastKnownFileType = sourcecode.swift; path = VRMinePresenter.swift; sourceTree = "<group>"; };
		2D1CEA6726A0288300599023 /* VRMineInteractor.swift */ = {isa = PBXFileReference; lastKnownFileType = sourcecode.swift; path = VRMineInteractor.swift; sourceTree = "<group>"; };
		2D1CEA6926A0289700599023 /* VRMineBuilder.swift */ = {isa = PBXFileReference; lastKnownFileType = sourcecode.swift; path = VRMineBuilder.swift; sourceTree = "<group>"; };
		2D1CEA6B26A028A900599023 /* VRMineViewController.swift */ = {isa = PBXFileReference; lastKnownFileType = sourcecode.swift; path = VRMineViewController.swift; sourceTree = "<group>"; };
		2D1CEA6D26A04EBD00599023 /* VRRouter+Ext.swift */ = {isa = PBXFileReference; lastKnownFileType = sourcecode.swift; path = "VRRouter+Ext.swift"; sourceTree = "<group>"; };
		2D1CEA6F26A05E1E00599023 /* VRHomeInteractorCase.swift */ = {isa = PBXFileReference; lastKnownFileType = sourcecode.swift; path = VRHomeInteractorCase.swift; sourceTree = "<group>"; };
		2D1CEA7226A6709C00599023 /* VIPER-New.jpeg */ = {isa = PBXFileReference; lastKnownFileType = image.jpeg; path = "VIPER-New.jpeg"; sourceTree = "<group>"; };
		2D1CEA7326A6709C00599023 /* VIPER-Origin.png */ = {isa = PBXFileReference; lastKnownFileType = image.png; path = "VIPER-Origin.png"; sourceTree = "<group>"; };
		2DCE282C269D8AB900D3F395 /* VIPERTest.app */ = {isa = PBXFileReference; explicitFileType = wrapper.application; includeInIndex = 0; path = VIPERTest.app; sourceTree = BUILT_PRODUCTS_DIR; };
		2DCE282F269D8AB900D3F395 /* AppDelegate.swift */ = {isa = PBXFileReference; lastKnownFileType = sourcecode.swift; path = AppDelegate.swift; sourceTree = "<group>"; };
		2DCE2833269D8AB900D3F395 /* ViewController.swift */ = {isa = PBXFileReference; lastKnownFileType = sourcecode.swift; path = ViewController.swift; sourceTree = "<group>"; };
		2DCE2836269D8AB900D3F395 /* Base */ = {isa = PBXFileReference; lastKnownFileType = file.storyboard; name = Base; path = Base.lproj/Main.storyboard; sourceTree = "<group>"; };
		2DCE2838269D8ABD00D3F395 /* Assets.xcassets */ = {isa = PBXFileReference; lastKnownFileType = folder.assetcatalog; path = Assets.xcassets; sourceTree = "<group>"; };
		2DCE283B269D8ABD00D3F395 /* Base */ = {isa = PBXFileReference; lastKnownFileType = file.storyboard; name = Base; path = Base.lproj/LaunchScreen.storyboard; sourceTree = "<group>"; };
		2DCE283D269D8ABD00D3F395 /* Info.plist */ = {isa = PBXFileReference; lastKnownFileType = text.plist.xml; path = Info.plist; sourceTree = "<group>"; };
		2DCE2842269D8ABD00D3F395 /* VIPERTestTests.xctest */ = {isa = PBXFileReference; explicitFileType = wrapper.cfbundle; includeInIndex = 0; path = VIPERTestTests.xctest; sourceTree = BUILT_PRODUCTS_DIR; };
		2DCE2846269D8ABD00D3F395 /* VIPERTestTests.swift */ = {isa = PBXFileReference; lastKnownFileType = sourcecode.swift; path = VIPERTestTests.swift; sourceTree = "<group>"; };
		2DCE2848269D8ABD00D3F395 /* Info.plist */ = {isa = PBXFileReference; lastKnownFileType = text.plist.xml; path = Info.plist; sourceTree = "<group>"; };
		2DCE284D269D8ABD00D3F395 /* VIPERTestUITests.xctest */ = {isa = PBXFileReference; explicitFileType = wrapper.cfbundle; includeInIndex = 0; path = VIPERTestUITests.xctest; sourceTree = BUILT_PRODUCTS_DIR; };
		2DCE2851269D8ABD00D3F395 /* VIPERTestUITests.swift */ = {isa = PBXFileReference; lastKnownFileType = sourcecode.swift; path = VIPERTestUITests.swift; sourceTree = "<group>"; };
		2DCE2853269D8ABD00D3F395 /* Info.plist */ = {isa = PBXFileReference; lastKnownFileType = text.plist.xml; path = Info.plist; sourceTree = "<group>"; };
		2DCE2876269DB91100D3F395 /* VRRouter.swift */ = {isa = PBXFileReference; lastKnownFileType = sourcecode.swift; path = VRRouter.swift; sourceTree = "<group>"; };
/* End PBXFileReference section */

/* Begin PBXFrameworksBuildPhase section */
		2DCE2829269D8AB900D3F395 /* Frameworks */ = {
			isa = PBXFrameworksBuildPhase;
			buildActionMask = 2147483647;
			files = (
			);
			runOnlyForDeploymentPostprocessing = 0;
		};
		2DCE283F269D8ABD00D3F395 /* Frameworks */ = {
			isa = PBXFrameworksBuildPhase;
			buildActionMask = 2147483647;
			files = (
			);
			runOnlyForDeploymentPostprocessing = 0;
		};
		2DCE284A269D8ABD00D3F395 /* Frameworks */ = {
			isa = PBXFrameworksBuildPhase;
			buildActionMask = 2147483647;
			files = (
			);
			runOnlyForDeploymentPostprocessing = 0;
		};
/* End PBXFrameworksBuildPhase section */

/* Begin PBXGroup section */
		2D1CEA4426A0268400599023 /* Module */ = {
			isa = PBXGroup;
			children = (
				2D1CEA4526A0268400599023 /* HomePage */,
				2D1CEA5326A0268400599023 /* Mine */,
			);
			path = Module;
			sourceTree = "<group>";
		};
		2D1CEA4526A0268400599023 /* HomePage */ = {
			isa = PBXGroup;
			children = (
				2D1CEA4626A0268400599023 /* Wireframes */,
				2D1CEA4826A0268400599023 /* Entitys */,
				2D1CEA4A26A0268400599023 /* Presenters */,
				2D1CEA4C26A0268400599023 /* Interactors */,
				2D1CEA4E26A0268400599023 /* Builder */,
				2D1CEA5026A0268400599023 /* Views */,
			);
			path = HomePage;
			sourceTree = "<group>";
		};
		2D1CEA4626A0268400599023 /* Wireframes */ = {
			isa = PBXGroup;
			children = (
				2D1CEA4726A0268400599023 /* VRHomePageWireframe.swift */,
				2D1CEA6D26A04EBD00599023 /* VRRouter+Ext.swift */,
			);
			path = Wireframes;
			sourceTree = "<group>";
		};
		2D1CEA4826A0268400599023 /* Entitys */ = {
			isa = PBXGroup;
			children = (
				2D1CEA4926A0268400599023 /* VRHomeModel.swift */,
			);
			path = Entitys;
			sourceTree = "<group>";
		};
		2D1CEA4A26A0268400599023 /* Presenters */ = {
			isa = PBXGroup;
			children = (
				2D1CEA4B26A0268400599023 /* VRHomePageViewPresenter.swift */,
			);
			path = Presenters;
			sourceTree = "<group>";
		};
		2D1CEA4C26A0268400599023 /* Interactors */ = {
			isa = PBXGroup;
			children = (
				2D1CEA4D26A0268400599023 /* VRHomePageInteractor.swift */,
			);
			path = Interactors;
			sourceTree = "<group>";
		};
		2D1CEA4E26A0268400599023 /* Builder */ = {
			isa = PBXGroup;
			children = (
				2D1CEA4F26A0268400599023 /* VRHomePageBuilder.swift */,
			);
			path = Builder;
			sourceTree = "<group>";
		};
		2D1CEA5026A0268400599023 /* Views */ = {
			isa = PBXGroup;
			children = (
				2D1CEA5126A0268400599023 /* VRHomePageViewCell.swift */,
				2D1CEA5226A0268400599023 /* VRHomePageViewController.swift */,
			);
			path = Views;
			sourceTree = "<group>";
		};
		2D1CEA5326A0268400599023 /* Mine */ = {
			isa = PBXGroup;
			children = (
				2D1CEA5426A0268400599023 /* Wireframes */,
				2D1CEA5526A0268400599023 /* Entitys */,
				2D1CEA5626A0268400599023 /* Presenters */,
				2D1CEA5726A0268400599023 /* Interactors */,
				2D1CEA5826A0268400599023 /* Builder */,
				2D1CEA5926A0268400599023 /* Views */,
			);
			path = Mine;
			sourceTree = "<group>";
		};
		2D1CEA5426A0268400599023 /* Wireframes */ = {
			isa = PBXGroup;
			children = (
				2D1CEA6126A027FF00599023 /* VRMineWireframe.swift */,
			);
			path = Wireframes;
			sourceTree = "<group>";
		};
		2D1CEA5526A0268400599023 /* Entitys */ = {
			isa = PBXGroup;
			children = (
				2D1CEA6326A0281D00599023 /* VRMineEntity.swift */,
			);
			path = Entitys;
			sourceTree = "<group>";
		};
		2D1CEA5626A0268400599023 /* Presenters */ = {
			isa = PBXGroup;
			children = (
				2D1CEA6526A0286D00599023 /* VRMinePresenter.swift */,
			);
			path = Presenters;
			sourceTree = "<group>";
		};
		2D1CEA5726A0268400599023 /* Interactors */ = {
			isa = PBXGroup;
			children = (
				2D1CEA6726A0288300599023 /* VRMineInteractor.swift */,
			);
			path = Interactors;
			sourceTree = "<group>";
		};
		2D1CEA5826A0268400599023 /* Builder */ = {
			isa = PBXGroup;
			children = (
				2D1CEA6926A0289700599023 /* VRMineBuilder.swift */,
			);
			path = Builder;
			sourceTree = "<group>";
		};
		2D1CEA5926A0268400599023 /* Views */ = {
			isa = PBXGroup;
			children = (
				2D1CEA6B26A028A900599023 /* VRMineViewController.swift */,
			);
			path = Views;
			sourceTree = "<group>";
		};
		2D1CEA7126A6709C00599023 /* Resources */ = {
			isa = PBXGroup;
			children = (
				2D1CEA7226A6709C00599023 /* VIPER-New.jpeg */,
				2D1CEA7326A6709C00599023 /* VIPER-Origin.png */,
			);
			path = Resources;
			sourceTree = "<group>";
		};
		2DCE2823269D8AB900D3F395 = {
			isa = PBXGroup;
			children = (
				2DCE282E269D8AB900D3F395 /* VIPERTest */,
				2DCE2845269D8ABD00D3F395 /* VIPERTestTests */,
				2DCE2850269D8ABD00D3F395 /* VIPERTestUITests */,
				2DCE282D269D8AB900D3F395 /* Products */,
			);
			sourceTree = "<group>";
		};
		2DCE282D269D8AB900D3F395 /* Products */ = {
			isa = PBXGroup;
			children = (
				2DCE282C269D8AB900D3F395 /* VIPERTest.app */,
				2DCE2842269D8ABD00D3F395 /* VIPERTestTests.xctest */,
				2DCE284D269D8ABD00D3F395 /* VIPERTestUITests.xctest */,
			);
			name = Products;
			sourceTree = "<group>";
		};
		2DCE282E269D8AB900D3F395 /* VIPERTest */ = {
			isa = PBXGroup;
			children = (
				2DCE285F269D8CF000D3F395 /* Classes */,
				2DCE282F269D8AB900D3F395 /* AppDelegate.swift */,
				2DCE2833269D8AB900D3F395 /* ViewController.swift */,
				2DCE2835269D8AB900D3F395 /* Main.storyboard */,
				2DCE2838269D8ABD00D3F395 /* Assets.xcassets */,
				2DCE283A269D8ABD00D3F395 /* LaunchScreen.storyboard */,
				2DCE283D269D8ABD00D3F395 /* Info.plist */,
			);
			path = VIPERTest;
			sourceTree = "<group>";
		};
		2DCE2845269D8ABD00D3F395 /* VIPERTestTests */ = {
			isa = PBXGroup;
			children = (
				2DCE2846269D8ABD00D3F395 /* VIPERTestTests.swift */,
				2DCE2848269D8ABD00D3F395 /* Info.plist */,
				2D1CEA6F26A05E1E00599023 /* VRHomeInteractorCase.swift */,
			);
			path = VIPERTestTests;
			sourceTree = "<group>";
		};
		2DCE2850269D8ABD00D3F395 /* VIPERTestUITests */ = {
			isa = PBXGroup;
			children = (
				2DCE2851269D8ABD00D3F395 /* VIPERTestUITests.swift */,
				2DCE2853269D8ABD00D3F395 /* Info.plist */,
			);
			path = VIPERTestUITests;
			sourceTree = "<group>";
		};
		2DCE285F269D8CF000D3F395 /* Classes */ = {
			isa = PBXGroup;
			children = (
				2D1CEA7126A6709C00599023 /* Resources */,
				2D1CEA4426A0268400599023 /* Module */,
				2DCE2860269D8CF000D3F395 /* Routers */,
			);
			path = Classes;
			sourceTree = "<group>";
		};
		2DCE2860269D8CF000D3F395 /* Routers */ = {
			isa = PBXGroup;
			children = (
				2DCE2876269DB91100D3F395 /* VRRouter.swift */,
			);
			path = Routers;
			sourceTree = "<group>";
		};
/* End PBXGroup section */

/* Begin PBXNativeTarget section */
		2DCE282B269D8AB900D3F395 /* VIPERTest */ = {
			isa = PBXNativeTarget;
			buildConfigurationList = 2DCE2856269D8ABD00D3F395 /* Build configuration list for PBXNativeTarget "VIPERTest" */;
			buildPhases = (
				2DCE2828269D8AB900D3F395 /* Sources */,
				2DCE2829269D8AB900D3F395 /* Frameworks */,
				2DCE282A269D8AB900D3F395 /* Resources */,
			);
			buildRules = (
			);
			dependencies = (
			);
			name = VIPERTest;
			productName = VIPERTest;
			productReference = 2DCE282C269D8AB900D3F395 /* VIPERTest.app */;
			productType = "com.apple.product-type.application";
		};
		2DCE2841269D8ABD00D3F395 /* VIPERTestTests */ = {
			isa = PBXNativeTarget;
			buildConfigurationList = 2DCE2859269D8ABD00D3F395 /* Build configuration list for PBXNativeTarget "VIPERTestTests" */;
			buildPhases = (
				2DCE283E269D8ABD00D3F395 /* Sources */,
				2DCE283F269D8ABD00D3F395 /* Frameworks */,
				2DCE2840269D8ABD00D3F395 /* Resources */,
			);
			buildRules = (
			);
			dependencies = (
				2DCE2844269D8ABD00D3F395 /* PBXTargetDependency */,
			);
			name = VIPERTestTests;
			productName = VIPERTestTests;
			productReference = 2DCE2842269D8ABD00D3F395 /* VIPERTestTests.xctest */;
			productType = "com.apple.product-type.bundle.unit-test";
		};
		2DCE284C269D8ABD00D3F395 /* VIPERTestUITests */ = {
			isa = PBXNativeTarget;
			buildConfigurationList = 2DCE285C269D8ABD00D3F395 /* Build configuration list for PBXNativeTarget "VIPERTestUITests" */;
			buildPhases = (
				2DCE2849269D8ABD00D3F395 /* Sources */,
				2DCE284A269D8ABD00D3F395 /* Frameworks */,
				2DCE284B269D8ABD00D3F395 /* Resources */,
			);
			buildRules = (
			);
			dependencies = (
				2DCE284F269D8ABD00D3F395 /* PBXTargetDependency */,
			);
			name = VIPERTestUITests;
			productName = VIPERTestUITests;
			productReference = 2DCE284D269D8ABD00D3F395 /* VIPERTestUITests.xctest */;
			productType = "com.apple.product-type.bundle.ui-testing";
		};
/* End PBXNativeTarget section */

/* Begin PBXProject section */
		2DCE2824269D8AB900D3F395 /* Project object */ = {
			isa = PBXProject;
			attributes = {
				CLASSPREFIX = VR;
				LastSwiftUpdateCheck = 1250;
				LastUpgradeCheck = 1250;
				ORGANIZATIONNAME = BytesFlow;
				TargetAttributes = {
					2DCE282B269D8AB900D3F395 = {
						CreatedOnToolsVersion = 12.5.1;
					};
					2DCE2841269D8ABD00D3F395 = {
						CreatedOnToolsVersion = 12.5.1;
						TestTargetID = 2DCE282B269D8AB900D3F395;
					};
					2DCE284C269D8ABD00D3F395 = {
						CreatedOnToolsVersion = 12.5.1;
						TestTargetID = 2DCE282B269D8AB900D3F395;
					};
				};
			};
			buildConfigurationList = 2DCE2827269D8AB900D3F395 /* Build configuration list for PBXProject "VIPERTest" */;
			compatibilityVersion = "Xcode 9.3";
			developmentRegion = en;
			hasScannedForEncodings = 0;
			knownRegions = (
				en,
				Base,
			);
			mainGroup = 2DCE2823269D8AB900D3F395;
			productRefGroup = 2DCE282D269D8AB900D3F395 /* Products */;
			projectDirPath = "";
			projectRoot = "";
			targets = (
				2DCE282B269D8AB900D3F395 /* VIPERTest */,
				2DCE2841269D8ABD00D3F395 /* VIPERTestTests */,
				2DCE284C269D8ABD00D3F395 /* VIPERTestUITests */,
			);
		};
/* End PBXProject section */

/* Begin PBXResourcesBuildPhase section */
		2DCE282A269D8AB900D3F395 /* Resources */ = {
			isa = PBXResourcesBuildPhase;
			buildActionMask = 2147483647;
			files = (
				2DCE283C269D8ABD00D3F395 /* LaunchScreen.storyboard in Resources */,
				2DCE2839269D8ABD00D3F395 /* Assets.xcassets in Resources */,
				2DCE2837269D8AB900D3F395 /* Main.storyboard in Resources */,
				2D1CEA7526A6709C00599023 /* VIPER-Origin.png in Resources */,
				2D1CEA7426A6709C00599023 /* VIPER-New.jpeg in Resources */,
			);
			runOnlyForDeploymentPostprocessing = 0;
		};
		2DCE2840269D8ABD00D3F395 /* Resources */ = {
			isa = PBXResourcesBuildPhase;
			buildActionMask = 2147483647;
			files = (
			);
			runOnlyForDeploymentPostprocessing = 0;
		};
		2DCE284B269D8ABD00D3F395 /* Resources */ = {
			isa = PBXResourcesBuildPhase;
			buildActionMask = 2147483647;
			files = (
			);
			runOnlyForDeploymentPostprocessing = 0;
		};
/* End PBXResourcesBuildPhase section */

/* Begin PBXSourcesBuildPhase section */
		2DCE2828269D8AB900D3F395 /* Sources */ = {
			isa = PBXSourcesBuildPhase;
			buildActionMask = 2147483647;
			files = (
				2D1CEA6826A0288300599023 /* VRMineInteractor.swift in Sources */,
				2D1CEA6026A0268400599023 /* VRHomePageViewController.swift in Sources */,
				2D1CEA5F26A0268400599023 /* VRHomePageViewCell.swift in Sources */,
				2D1CEA5D26A0268400599023 /* VRHomePageInteractor.swift in Sources */,
				2D1CEA5A26A0268400599023 /* VRHomePageWireframe.swift in Sources */,
				2D1CEA6C26A028A900599023 /* VRMineViewController.swift in Sources */,
				2D1CEA5C26A0268400599023 /* VRHomePageViewPresenter.swift in Sources */,
				2DCE2834269D8AB900D3F395 /* ViewController.swift in Sources */,
				2D1CEA6226A027FF00599023 /* VRMineWireframe.swift in Sources */,
				2D1CEA6426A0281D00599023 /* VRMineEntity.swift in Sources */,
				2D1CEA6626A0286D00599023 /* VRMinePresenter.swift in Sources */,
				2DCE2877269DB91100D3F395 /* VRRouter.swift in Sources */,
				2D1CEA6E26A04EBD00599023 /* VRRouter+Ext.swift in Sources */,
				2D1CEA5B26A0268400599023 /* VRHomeModel.swift in Sources */,
				2DCE2830269D8AB900D3F395 /* AppDelegate.swift in Sources */,
				2D1CEA5E26A0268400599023 /* VRHomePageBuilder.swift in Sources */,
				2D1CEA6A26A0289700599023 /* VRMineBuilder.swift in Sources */,
			);
			runOnlyForDeploymentPostprocessing = 0;
		};
		2DCE283E269D8ABD00D3F395 /* Sources */ = {
			isa = PBXSourcesBuildPhase;
			buildActionMask = 2147483647;
			files = (
				2DCE2847269D8ABD00D3F395 /* VIPERTestTests.swift in Sources */,
				2D1CEA7026A05E1E00599023 /* VRHomeInteractorCase.swift in Sources */,
			);
			runOnlyForDeploymentPostprocessing = 0;
		};
		2DCE2849269D8ABD00D3F395 /* Sources */ = {
			isa = PBXSourcesBuildPhase;
			buildActionMask = 2147483647;
			files = (
				2DCE2852269D8ABD00D3F395 /* VIPERTestUITests.swift in Sources */,
			);
			runOnlyForDeploymentPostprocessing = 0;
		};
/* End PBXSourcesBuildPhase section */

/* Begin PBXTargetDependency section */
		2DCE2844269D8ABD00D3F395 /* PBXTargetDependency */ = {
			isa = PBXTargetDependency;
			target = 2DCE282B269D8AB900D3F395 /* VIPERTest */;
			targetProxy = 2DCE2843269D8ABD00D3F395 /* PBXContainerItemProxy */;
		};
		2DCE284F269D8ABD00D3F395 /* PBXTargetDependency */ = {
			isa = PBXTargetDependency;
			target = 2DCE282B269D8AB900D3F395 /* VIPERTest */;
			targetProxy = 2DCE284E269D8ABD00D3F395 /* PBXContainerItemProxy */;
		};
/* End PBXTargetDependency section */

/* Begin PBXVariantGroup section */
		2DCE2835269D8AB900D3F395 /* Main.storyboard */ = {
			isa = PBXVariantGroup;
			children = (
				2DCE2836269D8AB900D3F395 /* Base */,
			);
			name = Main.storyboard;
			sourceTree = "<group>";
		};
		2DCE283A269D8ABD00D3F395 /* LaunchScreen.storyboard */ = {
			isa = PBXVariantGroup;
			children = (
				2DCE283B269D8ABD00D3F395 /* Base */,
			);
			name = LaunchScreen.storyboard;
			sourceTree = "<group>";
		};
/* End PBXVariantGroup section */

/* Begin XCBuildConfiguration section */
		2DCE2854269D8ABD00D3F395 /* Debug */ = {
			isa = XCBuildConfiguration;
			buildSettings = {
				ALWAYS_SEARCH_USER_PATHS = NO;
				CLANG_ANALYZER_NONNULL = YES;
				CLANG_ANALYZER_NUMBER_OBJECT_CONVERSION = YES_AGGRESSIVE;
				CLANG_CXX_LANGUAGE_STANDARD = "gnu++14";
				CLANG_CXX_LIBRARY = "libc++";
				CLANG_ENABLE_MODULES = YES;
				CLANG_ENABLE_OBJC_ARC = YES;
				CLANG_ENABLE_OBJC_WEAK = YES;
				CLANG_WARN_BLOCK_CAPTURE_AUTORELEASING = YES;
				CLANG_WARN_BOOL_CONVERSION = YES;
				CLANG_WARN_COMMA = YES;
				CLANG_WARN_CONSTANT_CONVERSION = YES;
				CLANG_WARN_DEPRECATED_OBJC_IMPLEMENTATIONS = YES;
				CLANG_WARN_DIRECT_OBJC_ISA_USAGE = YES_ERROR;
				CLANG_WARN_DOCUMENTATION_COMMENTS = YES;
				CLANG_WARN_EMPTY_BODY = YES;
				CLANG_WARN_ENUM_CONVERSION = YES;
				CLANG_WARN_INFINITE_RECURSION = YES;
				CLANG_WARN_INT_CONVERSION = YES;
				CLANG_WARN_NON_LITERAL_NULL_CONVERSION = YES;
				CLANG_WARN_OBJC_IMPLICIT_RETAIN_SELF = YES;
				CLANG_WARN_OBJC_LITERAL_CONVERSION = YES;
				CLANG_WARN_OBJC_ROOT_CLASS = YES_ERROR;
				CLANG_WARN_QUOTED_INCLUDE_IN_FRAMEWORK_HEADER = YES;
				CLANG_WARN_RANGE_LOOP_ANALYSIS = YES;
				CLANG_WARN_STRICT_PROTOTYPES = YES;
				CLANG_WARN_SUSPICIOUS_MOVE = YES;
				CLANG_WARN_UNGUARDED_AVAILABILITY = YES_AGGRESSIVE;
				CLANG_WARN_UNREACHABLE_CODE = YES;
				CLANG_WARN__DUPLICATE_METHOD_MATCH = YES;
				COPY_PHASE_STRIP = NO;
				DEBUG_INFORMATION_FORMAT = dwarf;
				ENABLE_STRICT_OBJC_MSGSEND = YES;
				ENABLE_TESTABILITY = YES;
				GCC_C_LANGUAGE_STANDARD = gnu11;
				GCC_DYNAMIC_NO_PIC = NO;
				GCC_NO_COMMON_BLOCKS = YES;
				GCC_OPTIMIZATION_LEVEL = 0;
				GCC_PREPROCESSOR_DEFINITIONS = (
					"DEBUG=1",
					"$(inherited)",
				);
				GCC_WARN_64_TO_32_BIT_CONVERSION = YES;
				GCC_WARN_ABOUT_RETURN_TYPE = YES_ERROR;
				GCC_WARN_UNDECLARED_SELECTOR = YES;
				GCC_WARN_UNINITIALIZED_AUTOS = YES_AGGRESSIVE;
				GCC_WARN_UNUSED_FUNCTION = YES;
				GCC_WARN_UNUSED_VARIABLE = YES;
				IPHONEOS_DEPLOYMENT_TARGET = 14.5;
				MTL_ENABLE_DEBUG_INFO = INCLUDE_SOURCE;
				MTL_FAST_MATH = YES;
				ONLY_ACTIVE_ARCH = YES;
				SDKROOT = iphoneos;
				SWIFT_ACTIVE_COMPILATION_CONDITIONS = DEBUG;
				SWIFT_OPTIMIZATION_LEVEL = "-Onone";
			};
			name = Debug;
		};
		2DCE2855269D8ABD00D3F395 /* Release */ = {
			isa = XCBuildConfiguration;
			buildSettings = {
				ALWAYS_SEARCH_USER_PATHS = NO;
				CLANG_ANALYZER_NONNULL = YES;
				CLANG_ANALYZER_NUMBER_OBJECT_CONVERSION = YES_AGGRESSIVE;
				CLANG_CXX_LANGUAGE_STANDARD = "gnu++14";
				CLANG_CXX_LIBRARY = "libc++";
				CLANG_ENABLE_MODULES = YES;
				CLANG_ENABLE_OBJC_ARC = YES;
				CLANG_ENABLE_OBJC_WEAK = YES;
				CLANG_WARN_BLOCK_CAPTURE_AUTORELEASING = YES;
				CLANG_WARN_BOOL_CONVERSION = YES;
				CLANG_WARN_COMMA = YES;
				CLANG_WARN_CONSTANT_CONVERSION = YES;
				CLANG_WARN_DEPRECATED_OBJC_IMPLEMENTATIONS = YES;
				CLANG_WARN_DIRECT_OBJC_ISA_USAGE = YES_ERROR;
				CLANG_WARN_DOCUMENTATION_COMMENTS = YES;
				CLANG_WARN_EMPTY_BODY = YES;
				CLANG_WARN_ENUM_CONVERSION = YES;
				CLANG_WARN_INFINITE_RECURSION = YES;
				CLANG_WARN_INT_CONVERSION = YES;
				CLANG_WARN_NON_LITERAL_NULL_CONVERSION = YES;
				CLANG_WARN_OBJC_IMPLICIT_RETAIN_SELF = YES;
				CLANG_WARN_OBJC_LITERAL_CONVERSION = YES;
				CLANG_WARN_OBJC_ROOT_CLASS = YES_ERROR;
				CLANG_WARN_QUOTED_INCLUDE_IN_FRAMEWORK_HEADER = YES;
				CLANG_WARN_RANGE_LOOP_ANALYSIS = YES;
				CLANG_WARN_STRICT_PROTOTYPES = YES;
				CLANG_WARN_SUSPICIOUS_MOVE = YES;
				CLANG_WARN_UNGUARDED_AVAILABILITY = YES_AGGRESSIVE;
				CLANG_WARN_UNREACHABLE_CODE = YES;
				CLANG_WARN__DUPLICATE_METHOD_MATCH = YES;
				COPY_PHASE_STRIP = NO;
				DEBUG_INFORMATION_FORMAT = "dwarf-with-dsym";
				ENABLE_NS_ASSERTIONS = NO;
				ENABLE_STRICT_OBJC_MSGSEND = YES;
				GCC_C_LANGUAGE_STANDARD = gnu11;
				GCC_NO_COMMON_BLOCKS = YES;
				GCC_WARN_64_TO_32_BIT_CONVERSION = YES;
				GCC_WARN_ABOUT_RETURN_TYPE = YES_ERROR;
				GCC_WARN_UNDECLARED_SELECTOR = YES;
				GCC_WARN_UNINITIALIZED_AUTOS = YES_AGGRESSIVE;
				GCC_WARN_UNUSED_FUNCTION = YES;
				GCC_WARN_UNUSED_VARIABLE = YES;
				IPHONEOS_DEPLOYMENT_TARGET = 14.5;
				MTL_ENABLE_DEBUG_INFO = NO;
				MTL_FAST_MATH = YES;
				SDKROOT = iphoneos;
				SWIFT_COMPILATION_MODE = wholemodule;
				SWIFT_OPTIMIZATION_LEVEL = "-O";
				VALIDATE_PRODUCT = YES;
			};
			name = Release;
		};
		2DCE2857269D8ABD00D3F395 /* Debug */ = {
			isa = XCBuildConfiguration;
			buildSettings = {
				ASSETCATALOG_COMPILER_APPICON_NAME = AppIcon;
				ASSETCATALOG_COMPILER_GLOBAL_ACCENT_COLOR_NAME = AccentColor;
				CODE_SIGN_STYLE = Automatic;
				DEVELOPMENT_TEAM = VGY8K73G67;
				INFOPLIST_FILE = VIPERTest/Info.plist;
				LD_RUNPATH_SEARCH_PATHS = (
					"$(inherited)",
					"@executable_path/Frameworks",
				);
				PRODUCT_BUNDLE_IDENTIFIER = com.Sanw.viper.VIPERTest;
				PRODUCT_NAME = "$(TARGET_NAME)";
				SWIFT_VERSION = 5.0;
				TARGETED_DEVICE_FAMILY = "1,2";
			};
			name = Debug;
		};
		2DCE2858269D8ABD00D3F395 /* Release */ = {
			isa = XCBuildConfiguration;
			buildSettings = {
				ASSETCATALOG_COMPILER_APPICON_NAME = AppIcon;
				ASSETCATALOG_COMPILER_GLOBAL_ACCENT_COLOR_NAME = AccentColor;
				CODE_SIGN_STYLE = Automatic;
				DEVELOPMENT_TEAM = VGY8K73G67;
				INFOPLIST_FILE = VIPERTest/Info.plist;
				LD_RUNPATH_SEARCH_PATHS = (
					"$(inherited)",
					"@executable_path/Frameworks",
				);
				PRODUCT_BUNDLE_IDENTIFIER = com.Sanw.viper.VIPERTest;
				PRODUCT_NAME = "$(TARGET_NAME)";
				SWIFT_VERSION = 5.0;
				TARGETED_DEVICE_FAMILY = "1,2";
			};
			name = Release;
		};
		2DCE285A269D8ABD00D3F395 /* Debug */ = {
			isa = XCBuildConfiguration;
			buildSettings = {
				ALWAYS_EMBED_SWIFT_STANDARD_LIBRARIES = YES;
				BUNDLE_LOADER = "$(TEST_HOST)";
				CODE_SIGN_STYLE = Automatic;
				DEVELOPMENT_TEAM = VGY8K73G67;
				INFOPLIST_FILE = VIPERTestTests/Info.plist;
				IPHONEOS_DEPLOYMENT_TARGET = 14.5;
				LD_RUNPATH_SEARCH_PATHS = (
					"$(inherited)",
					"@executable_path/Frameworks",
					"@loader_path/Frameworks",
				);
				PRODUCT_BUNDLE_IDENTIFIER = com.Sanw.viper.VIPERTestTests;
				PRODUCT_NAME = "$(TARGET_NAME)";
				SWIFT_VERSION = 5.0;
				TARGETED_DEVICE_FAMILY = "1,2";
				TEST_HOST = "$(BUILT_PRODUCTS_DIR)/VIPERTest.app/VIPERTest";
			};
			name = Debug;
		};
		2DCE285B269D8ABD00D3F395 /* Release */ = {
			isa = XCBuildConfiguration;
			buildSettings = {
				ALWAYS_EMBED_SWIFT_STANDARD_LIBRARIES = YES;
				BUNDLE_LOADER = "$(TEST_HOST)";
				CODE_SIGN_STYLE = Automatic;
				DEVELOPMENT_TEAM = VGY8K73G67;
				INFOPLIST_FILE = VIPERTestTests/Info.plist;
				IPHONEOS_DEPLOYMENT_TARGET = 14.5;
				LD_RUNPATH_SEARCH_PATHS = (
					"$(inherited)",
					"@executable_path/Frameworks",
					"@loader_path/Frameworks",
				);
				PRODUCT_BUNDLE_IDENTIFIER = com.Sanw.viper.VIPERTestTests;
				PRODUCT_NAME = "$(TARGET_NAME)";
				SWIFT_VERSION = 5.0;
				TARGETED_DEVICE_FAMILY = "1,2";
				TEST_HOST = "$(BUILT_PRODUCTS_DIR)/VIPERTest.app/VIPERTest";
			};
			name = Release;
		};
		2DCE285D269D8ABD00D3F395 /* Debug */ = {
			isa = XCBuildConfiguration;
			buildSettings = {
				ALWAYS_EMBED_SWIFT_STANDARD_LIBRARIES = YES;
				CODE_SIGN_STYLE = Automatic;
				DEVELOPMENT_TEAM = VGY8K73G67;
				INFOPLIST_FILE = VIPERTestUITests/Info.plist;
				LD_RUNPATH_SEARCH_PATHS = (
					"$(inherited)",
					"@executable_path/Frameworks",
					"@loader_path/Frameworks",
				);
				PRODUCT_BUNDLE_IDENTIFIER = com.Sanw.viper.VIPERTestUITests;
				PRODUCT_NAME = "$(TARGET_NAME)";
				SWIFT_VERSION = 5.0;
				TARGETED_DEVICE_FAMILY = "1,2";
				TEST_TARGET_NAME = VIPERTest;
			};
			name = Debug;
		};
		2DCE285E269D8ABD00D3F395 /* Release */ = {
			isa = XCBuildConfiguration;
			buildSettings = {
				ALWAYS_EMBED_SWIFT_STANDARD_LIBRARIES = YES;
				CODE_SIGN_STYLE = Automatic;
				DEVELOPMENT_TEAM = VGY8K73G67;
				INFOPLIST_FILE = VIPERTestUITests/Info.plist;
				LD_RUNPATH_SEARCH_PATHS = (
					"$(inherited)",
					"@executable_path/Frameworks",
					"@loader_path/Frameworks",
				);
				PRODUCT_BUNDLE_IDENTIFIER = com.Sanw.viper.VIPERTestUITests;
				PRODUCT_NAME = "$(TARGET_NAME)";
				SWIFT_VERSION = 5.0;
				TARGETED_DEVICE_FAMILY = "1,2";
				TEST_TARGET_NAME = VIPERTest;
			};
			name = Release;
		};
/* End XCBuildConfiguration section */

/* Begin XCConfigurationList section */
		2DCE2827269D8AB900D3F395 /* Build configuration list for PBXProject "VIPERTest" */ = {
			isa = XCConfigurationList;
			buildConfigurations = (
				2DCE2854269D8ABD00D3F395 /* Debug */,
				2DCE2855269D8ABD00D3F395 /* Release */,
			);
			defaultConfigurationIsVisible = 0;
			defaultConfigurationName = Release;
		};
		2DCE2856269D8ABD00D3F395 /* Build configuration list for PBXNativeTarget "VIPERTest" */ = {
			isa = XCConfigurationList;
			buildConfigurations = (
				2DCE2857269D8ABD00D3F395 /* Debug */,
				2DCE2858269D8ABD00D3F395 /* Release */,
			);
			defaultConfigurationIsVisible = 0;
			defaultConfigurationName = Release;
		};
		2DCE2859269D8ABD00D3F395 /* Build configuration list for PBXNativeTarget "VIPERTestTests" */ = {
			isa = XCConfigurationList;
			buildConfigurations = (
				2DCE285A269D8ABD00D3F395 /* Debug */,
				2DCE285B269D8ABD00D3F395 /* Release */,
			);
			defaultConfigurationIsVisible = 0;
			defaultConfigurationName = Release;
		};
		2DCE285C269D8ABD00D3F395 /* Build configuration list for PBXNativeTarget "VIPERTestUITests" */ = {
			isa = XCConfigurationList;
			buildConfigurations = (
				2DCE285D269D8ABD00D3F395 /* Debug */,
				2DCE285E269D8ABD00D3F395 /* Release */,
			);
			defaultConfigurationIsVisible = 0;
			defaultConfigurationName = Release;
		};
/* End XCConfigurationList section */
	};
	rootObject = 2DCE2824269D8AB900D3F395 /* Project object */;
}
